
Microsoft Visual Studio Solution File, Format Version 12.00
# Visual Studio Version 16
VisualStudioVersion = 16.0.29111.141
MinimumVisualStudioVersion = 15.0.26124.0
Project("{2150E333-8FDC-42A3-9474-1A3956D46DE8}") = "src", "src", "{7B6F063D-CF6D-4FAD-9CF2-47C3B59F4E3A}"
EndProject
Project("{9A19103F-16F7-4668-BE54-9A1E7A4F7556}") = "uController", "src\uController\uController.csproj", "{BEB8F9FF-B68E-42CE-87C7-D5CF00378EDE}"
EndProject
Project("{9A19103F-16F7-4668-BE54-9A1E7A4F7556}") = "CustomSteps", "src\CustomSteps\CustomSteps.csproj", "{C964082D-78E1-4F21-9E50-AF22EE594509}"
EndProject
Project("{9A19103F-16F7-4668-BE54-9A1E7A4F7556}") = "ApiTemplate", "src\ApiTemplate\ApiTemplate.csproj", "{DAEA9B0C-902B-4252-8D83-8060EA60646A}"
EndProject
Project("{9A19103F-16F7-4668-BE54-9A1E7A4F7556}") = "uController.Sample", "src\uController.Sample\uController.Sample.csproj", "{C727E118-8D4F-4F23-8E66-98C594A15E36}"
EndProject
Project("{2150E333-8FDC-42A3-9474-1A3956D46DE8}") = "apps", "apps", "{DC51A226-BB52-4111-BCC5-5FA4281F458A}"
EndProject
Project("{9A19103F-16F7-4668-BE54-9A1E7A4F7556}") = "HelloWorldConsole", "src\HelloWorldConsole\HelloWorldConsole.csproj", "{C9841E9A-DFC6-444B-AA94-A040AF5B304E}"
EndProject
Project("{2150E333-8FDC-42A3-9474-1A3956D46DE8}") = "benchmarks", "benchmarks", "{0E746D10-DD4B-4230-A958-6DBC5F3CAE98}"
EndProject
Project("{9A19103F-16F7-4668-BE54-9A1E7A4F7556}") = "ApiTemplateBenchmark", "src\ApiTemplateBenchmark\ApiTemplateBenchmark.csproj", "{3D8F01BC-4F05-4DDD-BAAC-353E1F7F4ED8}"
EndProject
Project("{9A19103F-16F7-4668-BE54-9A1E7A4F7556}") = "PlatformJson", "src\PlatformJson\PlatformJson.csproj", "{208A5E18-1F3D-4400-AFD6-71BB1A97DCDC}"
EndProject
Project("{9A19103F-16F7-4668-BE54-9A1E7A4F7556}") = "PlatformTcpListener", "src\PlatformTcpListener\PlatformTcpListener.csproj", "{3A087CEB-1C0C-42B0-AA54-0557D488A119}"
EndProject
Global
	GlobalSection(SolutionConfigurationPlatforms) = preSolution
		Debug|Any CPU = Debug|Any CPU
		Debug|x64 = Debug|x64
		Debug|x86 = Debug|x86
		Release|Any CPU = Release|Any CPU
		Release|x64 = Release|x64
		Release|x86 = Release|x86
	EndGlobalSection
	GlobalSection(ProjectConfigurationPlatforms) = postSolution
		{BEB8F9FF-B68E-42CE-87C7-D5CF00378EDE}.Debug|Any CPU.ActiveCfg = Debug|Any CPU
		{BEB8F9FF-B68E-42CE-87C7-D5CF00378EDE}.Debug|Any CPU.Build.0 = Debug|Any CPU
		{BEB8F9FF-B68E-42CE-87C7-D5CF00378EDE}.Debug|x64.ActiveCfg = Debug|Any CPU
		{BEB8F9FF-B68E-42CE-87C7-D5CF00378EDE}.Debug|x64.Build.0 = Debug|Any CPU
		{BEB8F9FF-B68E-42CE-87C7-D5CF00378EDE}.Debug|x86.ActiveCfg = Debug|Any CPU
		{BEB8F9FF-B68E-42CE-87C7-D5CF00378EDE}.Debug|x86.Build.0 = Debug|Any CPU
		{BEB8F9FF-B68E-42CE-87C7-D5CF00378EDE}.Release|Any CPU.ActiveCfg = Release|Any CPU
		{BEB8F9FF-B68E-42CE-87C7-D5CF00378EDE}.Release|Any CPU.Build.0 = Release|Any CPU
		{BEB8F9FF-B68E-42CE-87C7-D5CF00378EDE}.Release|x64.ActiveCfg = Release|Any CPU
		{BEB8F9FF-B68E-42CE-87C7-D5CF00378EDE}.Release|x64.Build.0 = Release|Any CPU
		{BEB8F9FF-B68E-42CE-87C7-D5CF00378EDE}.Release|x86.ActiveCfg = Release|Any CPU
		{BEB8F9FF-B68E-42CE-87C7-D5CF00378EDE}.Release|x86.Build.0 = Release|Any CPU
		{C964082D-78E1-4F21-9E50-AF22EE594509}.Debug|Any CPU.ActiveCfg = Debug|Any CPU
		{C964082D-78E1-4F21-9E50-AF22EE594509}.Debug|Any CPU.Build.0 = Debug|Any CPU
		{C964082D-78E1-4F21-9E50-AF22EE594509}.Debug|x64.ActiveCfg = Debug|Any CPU
		{C964082D-78E1-4F21-9E50-AF22EE594509}.Debug|x64.Build.0 = Debug|Any CPU
		{C964082D-78E1-4F21-9E50-AF22EE594509}.Debug|x86.ActiveCfg = Debug|Any CPU
		{C964082D-78E1-4F21-9E50-AF22EE594509}.Debug|x86.Build.0 = Debug|Any CPU
		{C964082D-78E1-4F21-9E50-AF22EE594509}.Release|Any CPU.ActiveCfg = Release|Any CPU
		{C964082D-78E1-4F21-9E50-AF22EE594509}.Release|Any CPU.Build.0 = Release|Any CPU
		{C964082D-78E1-4F21-9E50-AF22EE594509}.Release|x64.ActiveCfg = Release|Any CPU
		{C964082D-78E1-4F21-9E50-AF22EE594509}.Release|x64.Build.0 = Release|Any CPU
		{C964082D-78E1-4F21-9E50-AF22EE594509}.Release|x86.ActiveCfg = Release|Any CPU
		{C964082D-78E1-4F21-9E50-AF22EE594509}.Release|x86.Build.0 = Release|Any CPU
		{DAEA9B0C-902B-4252-8D83-8060EA60646A}.Debug|Any CPU.ActiveCfg = Debug|Any CPU
		{DAEA9B0C-902B-4252-8D83-8060EA60646A}.Debug|Any CPU.Build.0 = Debug|Any CPU
		{DAEA9B0C-902B-4252-8D83-8060EA60646A}.Debug|x64.ActiveCfg = Debug|Any CPU
		{DAEA9B0C-902B-4252-8D83-8060EA60646A}.Debug|x64.Build.0 = Debug|Any CPU
		{DAEA9B0C-902B-4252-8D83-8060EA60646A}.Debug|x86.ActiveCfg = Debug|Any CPU
		{DAEA9B0C-902B-4252-8D83-8060EA60646A}.Debug|x86.Build.0 = Debug|Any CPU
		{DAEA9B0C-902B-4252-8D83-8060EA60646A}.Release|Any CPU.ActiveCfg = Release|Any CPU
		{DAEA9B0C-902B-4252-8D83-8060EA60646A}.Release|Any CPU.Build.0 = Release|Any CPU
		{DAEA9B0C-902B-4252-8D83-8060EA60646A}.Release|x64.ActiveCfg = Release|Any CPU
		{DAEA9B0C-902B-4252-8D83-8060EA60646A}.Release|x64.Build.0 = Release|Any CPU
		{DAEA9B0C-902B-4252-8D83-8060EA60646A}.Release|x86.ActiveCfg = Release|Any CPU
		{DAEA9B0C-902B-4252-8D83-8060EA60646A}.Release|x86.Build.0 = Release|Any CPU
		{C727E118-8D4F-4F23-8E66-98C594A15E36}.Debug|Any CPU.ActiveCfg = Debug|Any CPU
		{C727E118-8D4F-4F23-8E66-98C594A15E36}.Debug|Any CPU.Build.0 = Debug|Any CPU
		{C727E118-8D4F-4F23-8E66-98C594A15E36}.Debug|x64.ActiveCfg = Debug|Any CPU
		{C727E118-8D4F-4F23-8E66-98C594A15E36}.Debug|x64.Build.0 = Debug|Any CPU
		{C727E118-8D4F-4F23-8E66-98C594A15E36}.Debug|x86.ActiveCfg = Debug|Any CPU
		{C727E118-8D4F-4F23-8E66-98C594A15E36}.Debug|x86.Build.0 = Debug|Any CPU
		{C727E118-8D4F-4F23-8E66-98C594A15E36}.Release|Any CPU.ActiveCfg = Release|Any CPU
		{C727E118-8D4F-4F23-8E66-98C594A15E36}.Release|Any CPU.Build.0 = Release|Any CPU
		{C727E118-8D4F-4F23-8E66-98C594A15E36}.Release|x64.ActiveCfg = Release|Any CPU
		{C727E118-8D4F-4F23-8E66-98C594A15E36}.Release|x64.Build.0 = Release|Any CPU
		{C727E118-8D4F-4F23-8E66-98C594A15E36}.Release|x86.ActiveCfg = Release|Any CPU
		{C727E118-8D4F-4F23-8E66-98C594A15E36}.Release|x86.Build.0 = Release|Any CPU
		{C9841E9A-DFC6-444B-AA94-A040AF5B304E}.Debug|Any CPU.ActiveCfg = Debug|Any CPU
		{C9841E9A-DFC6-444B-AA94-A040AF5B304E}.Debug|Any CPU.Build.0 = Debug|Any CPU
		{C9841E9A-DFC6-444B-AA94-A040AF5B304E}.Debug|x64.ActiveCfg = Debug|Any CPU
		{C9841E9A-DFC6-444B-AA94-A040AF5B304E}.Debug|x64.Build.0 = Debug|Any CPU
		{C9841E9A-DFC6-444B-AA94-A040AF5B304E}.Debug|x86.ActiveCfg = Debug|Any CPU
		{C9841E9A-DFC6-444B-AA94-A040AF5B304E}.Debug|x86.Build.0 = Debug|Any CPU
		{C9841E9A-DFC6-444B-AA94-A040AF5B304E}.Release|Any CPU.ActiveCfg = Release|Any CPU
		{C9841E9A-DFC6-444B-AA94-A040AF5B304E}.Release|Any CPU.Build.0 = Release|Any CPU
		{C9841E9A-DFC6-444B-AA94-A040AF5B304E}.Release|x64.ActiveCfg = Release|Any CPU
		{C9841E9A-DFC6-444B-AA94-A040AF5B304E}.Release|x64.Build.0 = Release|Any CPU
		{C9841E9A-DFC6-444B-AA94-A040AF5B304E}.Release|x86.ActiveCfg = Release|Any CPU
		{C9841E9A-DFC6-444B-AA94-A040AF5B304E}.Release|x86.Build.0 = Release|Any CPU
		{3D8F01BC-4F05-4DDD-BAAC-353E1F7F4ED8}.Debug|Any CPU.ActiveCfg = Debug|Any CPU
		{3D8F01BC-4F05-4DDD-BAAC-353E1F7F4ED8}.Debug|Any CPU.Build.0 = Debug|Any CPU
		{3D8F01BC-4F05-4DDD-BAAC-353E1F7F4ED8}.Debug|x64.ActiveCfg = Debug|Any CPU
		{3D8F01BC-4F05-4DDD-BAAC-353E1F7F4ED8}.Debug|x64.Build.0 = Debug|Any CPU
		{3D8F01BC-4F05-4DDD-BAAC-353E1F7F4ED8}.Debug|x86.ActiveCfg = Debug|Any CPU
		{3D8F01BC-4F05-4DDD-BAAC-353E1F7F4ED8}.Debug|x86.Build.0 = Debug|Any CPU
		{3D8F01BC-4F05-4DDD-BAAC-353E1F7F4ED8}.Release|Any CPU.ActiveCfg = Release|Any CPU
		{3D8F01BC-4F05-4DDD-BAAC-353E1F7F4ED8}.Release|Any CPU.Build.0 = Release|Any CPU
		{3D8F01BC-4F05-4DDD-BAAC-353E1F7F4ED8}.Release|x64.ActiveCfg = Release|Any CPU
		{3D8F01BC-4F05-4DDD-BAAC-353E1F7F4ED8}.Release|x64.Build.0 = Release|Any CPU
		{3D8F01BC-4F05-4DDD-BAAC-353E1F7F4ED8}.Release|x86.ActiveCfg = Release|Any CPU
		{3D8F01BC-4F05-4DDD-BAAC-353E1F7F4ED8}.Release|x86.Build.0 = Release|Any CPU
		{208A5E18-1F3D-4400-AFD6-71BB1A97DCDC}.Debug|Any CPU.ActiveCfg = Debug|Any CPU
		{208A5E18-1F3D-4400-AFD6-71BB1A97DCDC}.Debug|Any CPU.Build.0 = Debug|Any CPU
		{208A5E18-1F3D-4400-AFD6-71BB1A97DCDC}.Debug|x64.ActiveCfg = Debug|Any CPU
		{208A5E18-1F3D-4400-AFD6-71BB1A97DCDC}.Debug|x64.Build.0 = Debug|Any CPU
		{208A5E18-1F3D-4400-AFD6-71BB1A97DCDC}.Debug|x86.ActiveCfg = Debug|Any CPU
		{208A5E18-1F3D-4400-AFD6-71BB1A97DCDC}.Debug|x86.Build.0 = Debug|Any CPU
		{208A5E18-1F3D-4400-AFD6-71BB1A97DCDC}.Release|Any CPU.ActiveCfg = Release|Any CPU
		{208A5E18-1F3D-4400-AFD6-71BB1A97DCDC}.Release|Any CPU.Build.0 = Release|Any CPU
		{208A5E18-1F3D-4400-AFD6-71BB1A97DCDC}.Release|x64.ActiveCfg = Release|Any CPU
		{208A5E18-1F3D-4400-AFD6-71BB1A97DCDC}.Release|x64.Build.0 = Release|Any CPU
		{208A5E18-1F3D-4400-AFD6-71BB1A97DCDC}.Release|x86.ActiveCfg = Release|Any CPU
		{208A5E18-1F3D-4400-AFD6-71BB1A97DCDC}.Release|x86.Build.0 = Release|Any CPU
		{3A087CEB-1C0C-42B0-AA54-0557D488A119}.Debug|Any CPU.ActiveCfg = Debug|Any CPU
		{3A087CEB-1C0C-42B0-AA54-0557D488A119}.Debug|Any CPU.Build.0 = Debug|Any CPU
		{3A087CEB-1C0C-42B0-AA54-0557D488A119}.Debug|x64.ActiveCfg = Debug|Any CPU
		{3A087CEB-1C0C-42B0-AA54-0557D488A119}.Debug|x64.Build.0 = Debug|Any CPU
		{3A087CEB-1C0C-42B0-AA54-0557D488A119}.Debug|x86.ActiveCfg = Debug|Any CPU
		{3A087CEB-1C0C-42B0-AA54-0557D488A119}.Debug|x86.Build.0 = Debug|Any CPU
		{3A087CEB-1C0C-42B0-AA54-0557D488A119}.Release|Any CPU.ActiveCfg = Release|Any CPU
		{3A087CEB-1C0C-42B0-AA54-0557D488A119}.Release|Any CPU.Build.0 = Release|Any CPU
		{3A087CEB-1C0C-42B0-AA54-0557D488A119}.Release|x64.ActiveCfg = Release|Any CPU
		{3A087CEB-1C0C-42B0-AA54-0557D488A119}.Release|x64.Build.0 = Release|Any CPU
		{3A087CEB-1C0C-42B0-AA54-0557D488A119}.Release|x86.ActiveCfg = Release|Any CPU
		{3A087CEB-1C0C-42B0-AA54-0557D488A119}.Release|x86.Build.0 = Release|Any CPU
	EndGlobalSection
	GlobalSection(SolutionProperties) = preSolution
		HideSolutionNode = FALSE
	EndGlobalSection
	GlobalSection(NestedProjects) = preSolution
		{BEB8F9FF-B68E-42CE-87C7-D5CF00378EDE} = {7B6F063D-CF6D-4FAD-9CF2-47C3B59F4E3A}
		{C964082D-78E1-4F21-9E50-AF22EE594509} = {7B6F063D-CF6D-4FAD-9CF2-47C3B59F4E3A}
		{DAEA9B0C-902B-4252-8D83-8060EA60646A} = {DC51A226-BB52-4111-BCC5-5FA4281F458A}
		{C727E118-8D4F-4F23-8E66-98C594A15E36} = {DC51A226-BB52-4111-BCC5-5FA4281F458A}
		{C9841E9A-DFC6-444B-AA94-A040AF5B304E} = {DC51A226-BB52-4111-BCC5-5FA4281F458A}
		{3D8F01BC-4F05-4DDD-BAAC-353E1F7F4ED8} = {0E746D10-DD4B-4230-A958-6DBC5F3CAE98}
		{208A5E18-1F3D-4400-AFD6-71BB1A97DCDC} = {DC51A226-BB52-4111-BCC5-5FA4281F458A}
		{3A087CEB-1C0C-42B0-AA54-0557D488A119} = {DC51A226-BB52-4111-BCC5-5FA4281F458A}
	EndGlobalSection
	GlobalSection(ExtensibilityGlobals) = postSolution
		SolutionGuid = {C7BEDCD2-0042-4CFF-AC55-3ED3608E2C19}
	EndGlobalSection
EndGlobal
