
Microsoft Visual Studio Solution File, Format Version 12.00
# Visual Studio Version 16
VisualStudioVersion = 16.0.29111.141
MinimumVisualStudioVersion = 15.0.26124.0
Project("{2150E333-8FDC-42A3-9474-1A3956D46DE8}") = "src", "src", "{7B6F063D-CF6D-4FAD-9CF2-47C3B59F4E3A}"
EndProject
Project("{9A19103F-16F7-4668-BE54-9A1E7A4F7556}") = "Sample", "src\Sample\Sample.csproj", "{2D76C2BE-99DB-4577-835D-98ABDDCEAF7B}"
EndProject
Project("{9A19103F-16F7-4668-BE54-9A1E7A4F7556}") = "uController", "src\uController\uController.csproj", "{BEB8F9FF-B68E-42CE-87C7-D5CF00378EDE}"
EndProject
Project("{FAE04EC0-301F-11D3-BF4B-00C04F79EFBC}") = "CustomSteps", "src\CustomSteps\CustomSteps.csproj", "{C964082D-78E1-4F21-9E50-AF22EE594509}"
EndProject
Project("{FAE04EC0-301F-11D3-BF4B-00C04F79EFBC}") = "Template", "src\Template\Template.csproj", "{DAEA9B0C-902B-4252-8D83-8060EA60646A}"
EndProject
Global
	GlobalSection(SolutionConfigurationPlatforms) = preSolution
		Debug|Any CPU = Debug|Any CPU
		Debug|x64 = Debug|x64
		Debug|x86 = Debug|x86
		Release|Any CPU = Release|Any CPU
		Release|x64 = Release|x64
		Release|x86 = Release|x86
	EndGlobalSection
	GlobalSection(ProjectConfigurationPlatforms) = postSolution
		{2D76C2BE-99DB-4577-835D-98ABDDCEAF7B}.Debug|Any CPU.ActiveCfg = Debug|Any CPU
		{2D76C2BE-99DB-4577-835D-98ABDDCEAF7B}.Debug|Any CPU.Build.0 = Debug|Any CPU
		{2D76C2BE-99DB-4577-835D-98ABDDCEAF7B}.Debug|x64.ActiveCfg = Debug|Any CPU
		{2D76C2BE-99DB-4577-835D-98ABDDCEAF7B}.Debug|x64.Build.0 = Debug|Any CPU
		{2D76C2BE-99DB-4577-835D-98ABDDCEAF7B}.Debug|x86.ActiveCfg = Debug|Any CPU
		{2D76C2BE-99DB-4577-835D-98ABDDCEAF7B}.Debug|x86.Build.0 = Debug|Any CPU
		{2D76C2BE-99DB-4577-835D-98ABDDCEAF7B}.Release|Any CPU.ActiveCfg = Release|Any CPU
		{2D76C2BE-99DB-4577-835D-98ABDDCEAF7B}.Release|Any CPU.Build.0 = Release|Any CPU
		{2D76C2BE-99DB-4577-835D-98ABDDCEAF7B}.Release|x64.ActiveCfg = Release|Any CPU
		{2D76C2BE-99DB-4577-835D-98ABDDCEAF7B}.Release|x64.Build.0 = Release|Any CPU
		{2D76C2BE-99DB-4577-835D-98ABDDCEAF7B}.Release|x86.ActiveCfg = Release|Any CPU
		{2D76C2BE-99DB-4577-835D-98ABDDCEAF7B}.Release|x86.Build.0 = Release|Any CPU
		{BEB8F9FF-B68E-42CE-87C7-D5CF00378EDE}.Debug|Any CPU.ActiveCfg = Debug|Any CPU
		{BEB8F9FF-B68E-42CE-87C7-D5CF00378EDE}.Debug|Any CPU.Build.0 = Debug|Any CPU
		{BEB8F9FF-B68E-42CE-87C7-D5CF00378EDE}.Debug|x64.ActiveCfg = Debug|Any CPU
		{BEB8F9FF-B68E-42CE-87C7-D5CF00378EDE}.Debug|x64.Build.0 = Debug|Any CPU
		{BEB8F9FF-B68E-42CE-87C7-D5CF00378EDE}.Debug|x86.ActiveCfg = Debug|Any CPU
		{BEB8F9FF-B68E-42CE-87C7-D5CF00378EDE}.Debug|x86.Build.0 = Debug|Any CPU
		{BEB8F9FF-B68E-42CE-87C7-D5CF00378EDE}.Release|Any CPU.ActiveCfg = Release|Any CPU
		{BEB8F9FF-B68E-42CE-87C7-D5CF00378EDE}.Release|Any CPU.Build.0 = Release|Any CPU
		{BEB8F9FF-B68E-42CE-87C7-D5CF00378EDE}.Release|x64.ActiveCfg = Release|Any CPU
		{BEB8F9FF-B68E-42CE-87C7-D5CF00378EDE}.Release|x64.Build.0 = Release|Any CPU
		{BEB8F9FF-B68E-42CE-87C7-D5CF00378EDE}.Release|x86.ActiveCfg = Release|Any CPU
		{BEB8F9FF-B68E-42CE-87C7-D5CF00378EDE}.Release|x86.Build.0 = Release|Any CPU
		{C964082D-78E1-4F21-9E50-AF22EE594509}.Debug|Any CPU.ActiveCfg = Debug|Any CPU
		{C964082D-78E1-4F21-9E50-AF22EE594509}.Debug|Any CPU.Build.0 = Debug|Any CPU
		{C964082D-78E1-4F21-9E50-AF22EE594509}.Debug|x64.ActiveCfg = Debug|Any CPU
		{C964082D-78E1-4F21-9E50-AF22EE594509}.Debug|x64.Build.0 = Debug|Any CPU
		{C964082D-78E1-4F21-9E50-AF22EE594509}.Debug|x86.ActiveCfg = Debug|Any CPU
		{C964082D-78E1-4F21-9E50-AF22EE594509}.Debug|x86.Build.0 = Debug|Any CPU
		{C964082D-78E1-4F21-9E50-AF22EE594509}.Release|Any CPU.ActiveCfg = Release|Any CPU
		{C964082D-78E1-4F21-9E50-AF22EE594509}.Release|Any CPU.Build.0 = Release|Any CPU
		{C964082D-78E1-4F21-9E50-AF22EE594509}.Release|x64.ActiveCfg = Release|Any CPU
		{C964082D-78E1-4F21-9E50-AF22EE594509}.Release|x64.Build.0 = Release|Any CPU
		{C964082D-78E1-4F21-9E50-AF22EE594509}.Release|x86.ActiveCfg = Release|Any CPU
		{C964082D-78E1-4F21-9E50-AF22EE594509}.Release|x86.Build.0 = Release|Any CPU
		{DAEA9B0C-902B-4252-8D83-8060EA60646A}.Debug|Any CPU.ActiveCfg = Debug|Any CPU
		{DAEA9B0C-902B-4252-8D83-8060EA60646A}.Debug|Any CPU.Build.0 = Debug|Any CPU
		{DAEA9B0C-902B-4252-8D83-8060EA60646A}.Debug|x64.ActiveCfg = Debug|Any CPU
		{DAEA9B0C-902B-4252-8D83-8060EA60646A}.Debug|x64.Build.0 = Debug|Any CPU
		{DAEA9B0C-902B-4252-8D83-8060EA60646A}.Debug|x86.ActiveCfg = Debug|Any CPU
		{DAEA9B0C-902B-4252-8D83-8060EA60646A}.Debug|x86.Build.0 = Debug|Any CPU
		{DAEA9B0C-902B-4252-8D83-8060EA60646A}.Release|Any CPU.ActiveCfg = Release|Any CPU
		{DAEA9B0C-902B-4252-8D83-8060EA60646A}.Release|Any CPU.Build.0 = Release|Any CPU
		{DAEA9B0C-902B-4252-8D83-8060EA60646A}.Release|x64.ActiveCfg = Release|Any CPU
		{DAEA9B0C-902B-4252-8D83-8060EA60646A}.Release|x64.Build.0 = Release|Any CPU
		{DAEA9B0C-902B-4252-8D83-8060EA60646A}.Release|x86.ActiveCfg = Release|Any CPU
		{DAEA9B0C-902B-4252-8D83-8060EA60646A}.Release|x86.Build.0 = Release|Any CPU
	EndGlobalSection
	GlobalSection(SolutionProperties) = preSolution
		HideSolutionNode = FALSE
	EndGlobalSection
	GlobalSection(NestedProjects) = preSolution
		{2D76C2BE-99DB-4577-835D-98ABDDCEAF7B} = {7B6F063D-CF6D-4FAD-9CF2-47C3B59F4E3A}
		{BEB8F9FF-B68E-42CE-87C7-D5CF00378EDE} = {7B6F063D-CF6D-4FAD-9CF2-47C3B59F4E3A}
		{DAEA9B0C-902B-4252-8D83-8060EA60646A} = {7B6F063D-CF6D-4FAD-9CF2-47C3B59F4E3A}
	EndGlobalSection
	GlobalSection(ExtensibilityGlobals) = postSolution
		SolutionGuid = {C7BEDCD2-0042-4CFF-AC55-3ED3608E2C19}
	EndGlobalSection
EndGlobal
